// !$*UTF8*$!
{
	archiveVersion = 1;
	classes = {
	};
	objectVersion = 48;
	objects = {

/* Begin PBXBuildFile section */
		4D5918A1201F3C2800E17A3E /* AppDelegate.swift in Sources */ = {isa = PBXBuildFile; fileRef = 4D5918A0201F3C2800E17A3E /* AppDelegate.swift */; };
		4D5918A3201F3C2800E17A3E /* ViewController.swift in Sources */ = {isa = PBXBuildFile; fileRef = 4D5918A2201F3C2800E17A3E /* ViewController.swift */; };
		4D5918A6201F3C2800E17A3E /* Main.storyboard in Resources */ = {isa = PBXBuildFile; fileRef = 4D5918A4201F3C2800E17A3E /* Main.storyboard */; };
		4D5918A8201F3C2800E17A3E /* Assets.xcassets in Resources */ = {isa = PBXBuildFile; fileRef = 4D5918A7201F3C2800E17A3E /* Assets.xcassets */; };
		4D5918AB201F3C2800E17A3E /* LaunchScreen.storyboard in Resources */ = {isa = PBXBuildFile; fileRef = 4D5918A9201F3C2800E17A3E /* LaunchScreen.storyboard */; };
		4D5918B6201F3C2900E17A3E /* UITests.swift in Sources */ = {isa = PBXBuildFile; fileRef = 4D5918B5201F3C2900E17A3E /* UITests.swift */; };
		4D5918C1201F3C2900E17A3E /* UIUITests.swift in Sources */ = {isa = PBXBuildFile; fileRef = 4D5918C0201F3C2900E17A3E /* UIUITests.swift */; };
/* End PBXBuildFile section */

/* Begin PBXContainerItemProxy section */
		4D5918B2201F3C2900E17A3E /* PBXContainerItemProxy */ = {
			isa = PBXContainerItemProxy;
			containerPortal = 4D591895201F3C2800E17A3E /* Project object */;
			proxyType = 1;
			remoteGlobalIDString = 4D59189C201F3C2800E17A3E;
			remoteInfo = UI;
		};
		4D5918BD201F3C2900E17A3E /* PBXContainerItemProxy */ = {
			isa = PBXContainerItemProxy;
			containerPortal = 4D591895201F3C2800E17A3E /* Project object */;
			proxyType = 1;
			remoteGlobalIDString = 4D59189C201F3C2800E17A3E;
			remoteInfo = UI;
		};
/* End PBXContainerItemProxy section */

/* Begin PBXFileReference section */
		4D59189D201F3C2800E17A3E /* UI.app */ = {isa = PBXFileReference; explicitFileType = wrapper.application; includeInIndex = 0; path = UI.app; sourceTree = BUILT_PRODUCTS_DIR; };
		4D5918A0201F3C2800E17A3E /* AppDelegate.swift */ = {isa = PBXFileReference; lastKnownFileType = sourcecode.swift; path = AppDelegate.swift; sourceTree = "<group>"; };
		4D5918A2201F3C2800E17A3E /* ViewController.swift */ = {isa = PBXFileReference; lastKnownFileType = sourcecode.swift; path = ViewController.swift; sourceTree = "<group>"; };
		4D5918A5201F3C2800E17A3E /* Base */ = {isa = PBXFileReference; lastKnownFileType = file.storyboard; name = Base; path = Base.lproj/Main.storyboard; sourceTree = "<group>"; };
		4D5918A7201F3C2800E17A3E /* Assets.xcassets */ = {isa = PBXFileReference; lastKnownFileType = folder.assetcatalog; path = Assets.xcassets; sourceTree = "<group>"; };
		4D5918AA201F3C2800E17A3E /* Base */ = {isa = PBXFileReference; lastKnownFileType = file.storyboard; name = Base; path = Base.lproj/LaunchScreen.storyboard; sourceTree = "<group>"; };
		4D5918AC201F3C2800E17A3E /* Info.plist */ = {isa = PBXFileReference; lastKnownFileType = text.plist.xml; path = Info.plist; sourceTree = "<group>"; };
		4D5918B1201F3C2900E17A3E /* UITests.xctest */ = {isa = PBXFileReference; explicitFileType = wrapper.cfbundle; includeInIndex = 0; path = UITests.xctest; sourceTree = BUILT_PRODUCTS_DIR; };
		4D5918B5201F3C2900E17A3E /* UITests.swift */ = {isa = PBXFileReference; lastKnownFileType = sourcecode.swift; path = UITests.swift; sourceTree = "<group>"; };
		4D5918B7201F3C2900E17A3E /* Info.plist */ = {isa = PBXFileReference; lastKnownFileType = text.plist.xml; path = Info.plist; sourceTree = "<group>"; };
		4D5918BC201F3C2900E17A3E /* UIUITests.xctest */ = {isa = PBXFileReference; explicitFileType = wrapper.cfbundle; includeInIndex = 0; path = UIUITests.xctest; sourceTree = BUILT_PRODUCTS_DIR; };
		4D5918C0201F3C2900E17A3E /* UIUITests.swift */ = {isa = PBXFileReference; lastKnownFileType = sourcecode.swift; path = UIUITests.swift; sourceTree = "<group>"; };
		4D5918C2201F3C2900E17A3E /* Info.plist */ = {isa = PBXFileReference; lastKnownFileType = text.plist.xml; path = Info.plist; sourceTree = "<group>"; };
/* End PBXFileReference section */

/* Begin PBXFrameworksBuildPhase section */
		4D59189A201F3C2800E17A3E /* Frameworks */ = {
			isa = PBXFrameworksBuildPhase;
			buildActionMask = 2147483647;
			files = (
			);
			runOnlyForDeploymentPostprocessing = 0;
		};
		4D5918AE201F3C2900E17A3E /* Frameworks */ = {
			isa = PBXFrameworksBuildPhase;
			buildActionMask = 2147483647;
			files = (
			);
			runOnlyForDeploymentPostprocessing = 0;
		};
		4D5918B9201F3C2900E17A3E /* Frameworks */ = {
			isa = PBXFrameworksBuildPhase;
			buildActionMask = 2147483647;
			files = (
			);
			runOnlyForDeploymentPostprocessing = 0;
		};
/* End PBXFrameworksBuildPhase section */

/* Begin PBXGroup section */
		4D591894201F3C2800E17A3E = {
			isa = PBXGroup;
			children = (
				4D59189F201F3C2800E17A3E /* UI */,
				4D5918B4201F3C2900E17A3E /* UITests */,
				4D5918BF201F3C2900E17A3E /* UIUITests */,
				4D59189E201F3C2800E17A3E /* Products */,
			);
			sourceTree = "<group>";
		};
		4D59189E201F3C2800E17A3E /* Products */ = {
			isa = PBXGroup;
			children = (
				4D59189D201F3C2800E17A3E /* UI.app */,
				4D5918B1201F3C2900E17A3E /* UITests.xctest */,
				4D5918BC201F3C2900E17A3E /* UIUITests.xctest */,
			);
			name = Products;
			sourceTree = "<group>";
		};
		4D59189F201F3C2800E17A3E /* UI */ = {
			isa = PBXGroup;
			children = (
				4D5918A0201F3C2800E17A3E /* AppDelegate.swift */,
				4D5918A2201F3C2800E17A3E /* ViewController.swift */,
				4D5918A4201F3C2800E17A3E /* Main.storyboard */,
				4D5918A7201F3C2800E17A3E /* Assets.xcassets */,
				4D5918A9201F3C2800E17A3E /* LaunchScreen.storyboard */,
				4D5918AC201F3C2800E17A3E /* Info.plist */,
			);
			path = UI;
			sourceTree = "<group>";
		};
		4D5918B4201F3C2900E17A3E /* UITests */ = {
			isa = PBXGroup;
			children = (
				4D5918B5201F3C2900E17A3E /* UITests.swift */,
				4D5918B7201F3C2900E17A3E /* Info.plist */,
			);
			path = UITests;
			sourceTree = "<group>";
		};
		4D5918BF201F3C2900E17A3E /* UIUITests */ = {
			isa = PBXGroup;
			children = (
				4D5918C0201F3C2900E17A3E /* UIUITests.swift */,
				4D5918C2201F3C2900E17A3E /* Info.plist */,
			);
			path = UIUITests;
			sourceTree = "<group>";
		};
/* End PBXGroup section */

/* Begin PBXNativeTarget section */
		4D59189C201F3C2800E17A3E /* UI */ = {
			isa = PBXNativeTarget;
			buildConfigurationList = 4D5918C5201F3C2900E17A3E /* Build configuration list for PBXNativeTarget "UI" */;
			buildPhases = (
				4D591899201F3C2800E17A3E /* Sources */,
				4D59189A201F3C2800E17A3E /* Frameworks */,
				4D59189B201F3C2800E17A3E /* Resources */,
			);
			buildRules = (
			);
			dependencies = (
			);
			name = UI;
			productName = UI;
			productReference = 4D59189D201F3C2800E17A3E /* UI.app */;
			productType = "com.apple.product-type.application";
		};
		4D5918B0201F3C2900E17A3E /* UITests */ = {
			isa = PBXNativeTarget;
			buildConfigurationList = 4D5918C8201F3C2900E17A3E /* Build configuration list for PBXNativeTarget "UITests" */;
			buildPhases = (
				4D5918AD201F3C2900E17A3E /* Sources */,
				4D5918AE201F3C2900E17A3E /* Frameworks */,
				4D5918AF201F3C2900E17A3E /* Resources */,
			);
			buildRules = (
			);
			dependencies = (
				4D5918B3201F3C2900E17A3E /* PBXTargetDependency */,
			);
			name = UITests;
			productName = UITests;
			productReference = 4D5918B1201F3C2900E17A3E /* UITests.xctest */;
			productType = "com.apple.product-type.bundle.unit-test";
		};
		4D5918BB201F3C2900E17A3E /* UIUITests */ = {
			isa = PBXNativeTarget;
			buildConfigurationList = 4D5918CB201F3C2900E17A3E /* Build configuration list for PBXNativeTarget "UIUITests" */;
			buildPhases = (
				4D5918B8201F3C2900E17A3E /* Sources */,
				4D5918B9201F3C2900E17A3E /* Frameworks */,
				4D5918BA201F3C2900E17A3E /* Resources */,
			);
			buildRules = (
			);
			dependencies = (
				4D5918BE201F3C2900E17A3E /* PBXTargetDependency */,
			);
			name = UIUITests;
			productName = UIUITests;
			productReference = 4D5918BC201F3C2900E17A3E /* UIUITests.xctest */;
			productType = "com.apple.product-type.bundle.ui-testing";
		};
/* End PBXNativeTarget section */

/* Begin PBXProject section */
		4D591895201F3C2800E17A3E /* Project object */ = {
			isa = PBXProject;
			attributes = {
				LastSwiftUpdateCheck = 0920;
				LastUpgradeCheck = 0920;
				ORGANIZATIONNAME = GuoBin;
				TargetAttributes = {
					4D59189C201F3C2800E17A3E = {
						CreatedOnToolsVersion = 9.2;
						ProvisioningStyle = Automatic;
					};
					4D5918B0201F3C2900E17A3E = {
						CreatedOnToolsVersion = 9.2;
						ProvisioningStyle = Automatic;
						TestTargetID = 4D59189C201F3C2800E17A3E;
					};
					4D5918BB201F3C2900E17A3E = {
						CreatedOnToolsVersion = 9.2;
						ProvisioningStyle = Automatic;
						TestTargetID = 4D59189C201F3C2800E17A3E;
					};
				};
			};
			buildConfigurationList = 4D591898201F3C2800E17A3E /* Build configuration list for PBXProject "UI" */;
			compatibilityVersion = "Xcode 8.0";
			developmentRegion = en;
			hasScannedForEncodings = 0;
			knownRegions = (
				en,
				Base,
			);
			mainGroup = 4D591894201F3C2800E17A3E;
			productRefGroup = 4D59189E201F3C2800E17A3E /* Products */;
			projectDirPath = "";
			projectRoot = "";
			targets = (
				4D59189C201F3C2800E17A3E /* UI */,
				4D5918B0201F3C2900E17A3E /* UITests */,
				4D5918BB201F3C2900E17A3E /* UIUITests */,
			);
		};
/* End PBXProject section */

/* Begin PBXResourcesBuildPhase section */
		4D59189B201F3C2800E17A3E /* Resources */ = {
			isa = PBXResourcesBuildPhase;
			buildActionMask = 2147483647;
			files = (
				4D5918AB201F3C2800E17A3E /* LaunchScreen.storyboard in Resources */,
				4D5918A8201F3C2800E17A3E /* Assets.xcassets in Resources */,
				4D5918A6201F3C2800E17A3E /* Main.storyboard in Resources */,
			);
			runOnlyForDeploymentPostprocessing = 0;
		};
		4D5918AF201F3C2900E17A3E /* Resources */ = {
			isa = PBXResourcesBuildPhase;
			buildActionMask = 2147483647;
			files = (
			);
			runOnlyForDeploymentPostprocessing = 0;
		};
		4D5918BA201F3C2900E17A3E /* Resources */ = {
			isa = PBXResourcesBuildPhase;
			buildActionMask = 2147483647;
			files = (
			);
			runOnlyForDeploymentPostprocessing = 0;
		};
/* End PBXResourcesBuildPhase section */

/* Begin PBXSourcesBuildPhase section */
		4D591899201F3C2800E17A3E /* Sources */ = {
			isa = PBXSourcesBuildPhase;
			buildActionMask = 2147483647;
			files = (
				4D5918A3201F3C2800E17A3E /* ViewController.swift in Sources */,
				4D5918A1201F3C2800E17A3E /* AppDelegate.swift in Sources */,
			);
			runOnlyForDeploymentPostprocessing = 0;
		};
		4D5918AD201F3C2900E17A3E /* Sources */ = {
			isa = PBXSourcesBuildPhase;
			buildActionMask = 2147483647;
			files = (
				4D5918B6201F3C2900E17A3E /* UITests.swift in Sources */,
			);
			runOnlyForDeploymentPostprocessing = 0;
		};
		4D5918B8201F3C2900E17A3E /* Sources */ = {
			isa = PBXSourcesBuildPhase;
			buildActionMask = 2147483647;
			files = (
				4D5918C1201F3C2900E17A3E /* UIUITests.swift in Sources */,
			);
			runOnlyForDeploymentPostprocessing = 0;
		};
/* End PBXSourcesBuildPhase section */

/* Begin PBXTargetDependency section */
		4D5918B3201F3C2900E17A3E /* PBXTargetDependency */ = {
			isa = PBXTargetDependency;
			target = 4D59189C201F3C2800E17A3E /* UI */;
			targetProxy = 4D5918B2201F3C2900E17A3E /* PBXContainerItemProxy */;
		};
		4D5918BE201F3C2900E17A3E /* PBXTargetDependency */ = {
			isa = PBXTargetDependency;
			target = 4D59189C201F3C2800E17A3E /* UI */;
			targetProxy = 4D5918BD201F3C2900E17A3E /* PBXContainerItemProxy */;
		};
/* End PBXTargetDependency section */

/* Begin PBXVariantGroup section */
		4D5918A4201F3C2800E17A3E /* Main.storyboard */ = {
			isa = PBXVariantGroup;
			children = (
				4D5918A5201F3C2800E17A3E /* Base */,
			);
			name = Main.storyboard;
			sourceTree = "<group>";
		};
		4D5918A9201F3C2800E17A3E /* LaunchScreen.storyboard */ = {
			isa = PBXVariantGroup;
			children = (
				4D5918AA201F3C2800E17A3E /* Base */,
			);
			name = LaunchScreen.storyboard;
			sourceTree = "<group>";
		};
/* End PBXVariantGroup section */

/* Begin XCBuildConfiguration section */
		4D5918C3201F3C2900E17A3E /* Debug */ = {
			isa = XCBuildConfiguration;
			buildSettings = {
				ALWAYS_SEARCH_USER_PATHS = NO;
				CLANG_ANALYZER_NONNULL = YES;
				CLANG_ANALYZER_NUMBER_OBJECT_CONVERSION = YES_AGGRESSIVE;
				CLANG_CXX_LANGUAGE_STANDARD = "gnu++14";
				CLANG_CXX_LIBRARY = "libc++";
				CLANG_ENABLE_MODULES = YES;
				CLANG_ENABLE_OBJC_ARC = YES;
				CLANG_WARN_BLOCK_CAPTURE_AUTORELEASING = YES;
				CLANG_WARN_BOOL_CONVERSION = YES;
				CLANG_WARN_COMMA = YES;
				CLANG_WARN_CONSTANT_CONVERSION = YES;
				CLANG_WARN_DIRECT_OBJC_ISA_USAGE = YES_ERROR;
				CLANG_WARN_DOCUMENTATION_COMMENTS = YES;
				CLANG_WARN_EMPTY_BODY = YES;
				CLANG_WARN_ENUM_CONVERSION = YES;
				CLANG_WARN_INFINITE_RECURSION = YES;
				CLANG_WARN_INT_CONVERSION = YES;
				CLANG_WARN_NON_LITERAL_NULL_CONVERSION = YES;
				CLANG_WARN_OBJC_LITERAL_CONVERSION = YES;
				CLANG_WARN_OBJC_ROOT_CLASS = YES_ERROR;
				CLANG_WARN_RANGE_LOOP_ANALYSIS = YES;
				CLANG_WARN_STRICT_PROTOTYPES = YES;
				CLANG_WARN_SUSPICIOUS_MOVE = YES;
				CLANG_WARN_UNGUARDED_AVAILABILITY = YES_AGGRESSIVE;
				CLANG_WARN_UNREACHABLE_CODE = YES;
				CLANG_WARN__DUPLICATE_METHOD_MATCH = YES;
				CODE_SIGN_IDENTITY = "iPhone Developer";
				COPY_PHASE_STRIP = NO;
				DEBUG_INFORMATION_FORMAT = dwarf;
				ENABLE_STRICT_OBJC_MSGSEND = YES;
				ENABLE_TESTABILITY = YES;
				GCC_C_LANGUAGE_STANDARD = gnu11;
				GCC_DYNAMIC_NO_PIC = NO;
				GCC_NO_COMMON_BLOCKS = YES;
				GCC_OPTIMIZATION_LEVEL = 0;
				GCC_PREPROCESSOR_DEFINITIONS = (
					"DEBUG=1",
					"$(inherited)",
				);
				GCC_WARN_64_TO_32_BIT_CONVERSION = YES;
				GCC_WARN_ABOUT_RETURN_TYPE = YES_ERROR;
				GCC_WARN_UNDECLARED_SELECTOR = YES;
				GCC_WARN_UNINITIALIZED_AUTOS = YES_AGGRESSIVE;
				GCC_WARN_UNUSED_FUNCTION = YES;
				GCC_WARN_UNUSED_VARIABLE = YES;
				IPHONEOS_DEPLOYMENT_TARGET = 11.2;
				MTL_ENABLE_DEBUG_INFO = YES;
				ONLY_ACTIVE_ARCH = YES;
				SDKROOT = iphoneos;
				SWIFT_ACTIVE_COMPILATION_CONDITIONS = DEBUG;
				SWIFT_OPTIMIZATION_LEVEL = "-Onone";
			};
			name = Debug;
		};
		4D5918C4201F3C2900E17A3E /* Release */ = {
			isa = XCBuildConfiguration;
			buildSettings = {
				ALWAYS_SEARCH_USER_PATHS = NO;
				CLANG_ANALYZER_NONNULL = YES;
				CLANG_ANALYZER_NUMBER_OBJECT_CONVERSION = YES_AGGRESSIVE;
				CLANG_CXX_LANGUAGE_STANDARD = "gnu++14";
				CLANG_CXX_LIBRARY = "libc++";
				CLANG_ENABLE_MODULES = YES;
				CLANG_ENABLE_OBJC_ARC = YES;
				CLANG_WARN_BLOCK_CAPTURE_AUTORELEASING = YES;
				CLANG_WARN_BOOL_CONVERSION = YES;
				CLANG_WARN_COMMA = YES;
				CLANG_WARN_CONSTANT_CONVERSION = YES;
				CLANG_WARN_DIRECT_OBJC_ISA_USAGE = YES_ERROR;
				CLANG_WARN_DOCUMENTATION_COMMENTS = YES;
				CLANG_WARN_EMPTY_BODY = YES;
				CLANG_WARN_ENUM_CONVERSION = YES;
				CLANG_WARN_INFINITE_RECURSION = YES;
				CLANG_WARN_INT_CONVERSION = YES;
				CLANG_WARN_NON_LITERAL_NULL_CONVERSION = YES;
				CLANG_WARN_OBJC_LITERAL_CONVERSION = YES;
				CLANG_WARN_OBJC_ROOT_CLASS = YES_ERROR;
				CLANG_WARN_RANGE_LOOP_ANALYSIS = YES;
				CLANG_WARN_STRICT_PROTOTYPES = YES;
				CLANG_WARN_SUSPICIOUS_MOVE = YES;
				CLANG_WARN_UNGUARDED_AVAILABILITY = YES_AGGRESSIVE;
				CLANG_WARN_UNREACHABLE_CODE = YES;
				CLANG_WARN__DUPLICATE_METHOD_MATCH = YES;
				CODE_SIGN_IDENTITY = "iPhone Developer";
				COPY_PHASE_STRIP = NO;
				DEBUG_INFORMATION_FORMAT = "dwarf-with-dsym";
				ENABLE_NS_ASSERTIONS = NO;
				ENABLE_STRICT_OBJC_MSGSEND = YES;
				GCC_C_LANGUAGE_STANDARD = gnu11;
				GCC_NO_COMMON_BLOCKS = YES;
				GCC_WARN_64_TO_32_BIT_CONVERSION = YES;
				GCC_WARN_ABOUT_RETURN_TYPE = YES_ERROR;
				GCC_WARN_UNDECLARED_SELECTOR = YES;
				GCC_WARN_UNINITIALIZED_AUTOS = YES_AGGRESSIVE;
				GCC_WARN_UNUSED_FUNCTION = YES;
				GCC_WARN_UNUSED_VARIABLE = YES;
				IPHONEOS_DEPLOYMENT_TARGET = 11.2;
				MTL_ENABLE_DEBUG_INFO = NO;
				SDKROOT = iphoneos;
				SWIFT_OPTIMIZATION_LEVEL = "-Owholemodule";
				VALIDATE_PRODUCT = YES;
			};
			name = Release;
		};
		4D5918C6201F3C2900E17A3E /* Debug */ = {
			isa = XCBuildConfiguration;
			buildSettings = {
				ASSETCATALOG_COMPILER_APPICON_NAME = AppIcon;
				CODE_SIGN_STYLE = Automatic;
				DEVELOPMENT_TEAM = 423Q98XCYF;
				INFOPLIST_FILE = UI/Info.plist;
				LD_RUNPATH_SEARCH_PATHS = "$(inherited) @executable_path/Frameworks";
				PRODUCT_BUNDLE_IDENTIFIER = GuoBin.UI;
				PRODUCT_NAME = "$(TARGET_NAME)";
				SWIFT_VERSION = 4.0;
				TARGETED_DEVICE_FAMILY = "1,2";
			};
			name = Debug;
		};
		4D5918C7201F3C2900E17A3E /* Release */ = {
			isa = XCBuildConfiguration;
			buildSettings = {
				ASSETCATALOG_COMPILER_APPICON_NAME = AppIcon;
				CODE_SIGN_STYLE = Automatic;
				DEVELOPMENT_TEAM = 423Q98XCYF;
				INFOPLIST_FILE = UI/Info.plist;
				LD_RUNPATH_SEARCH_PATHS = "$(inherited) @executable_path/Frameworks";
				PRODUCT_BUNDLE_IDENTIFIER = GuoBin.UI;
				PRODUCT_NAME = "$(TARGET_NAME)";
				SWIFT_VERSION = 4.0;
				TARGETED_DEVICE_FAMILY = "1,2";
			};
			name = Release;
		};
		4D5918C9201F3C2900E17A3E /* Debug */ = {
			isa = XCBuildConfiguration;
			buildSettings = {
				ALWAYS_EMBED_SWIFT_STANDARD_LIBRARIES = YES;
				BUNDLE_LOADER = "$(TEST_HOST)";
				CODE_SIGN_STYLE = Automatic;
				INFOPLIST_FILE = UITests/Info.plist;
				LD_RUNPATH_SEARCH_PATHS = "$(inherited) @executable_path/Frameworks @loader_path/Frameworks";
				PRODUCT_BUNDLE_IDENTIFIER = GuoBin.UITests;
				PRODUCT_NAME = "$(TARGET_NAME)";
				SWIFT_VERSION = 4.0;
				TARGETED_DEVICE_FAMILY = "1,2";
				TEST_HOST = "$(BUILT_PRODUCTS_DIR)/UI.app/UI";
			};
			name = Debug;
		};
		4D5918CA201F3C2900E17A3E /* Release */ = {
			isa = XCBuildConfiguration;
			buildSettings = {
				ALWAYS_EMBED_SWIFT_STANDARD_LIBRARIES = YES;
				BUNDLE_LOADER = "$(TEST_HOST)";
				CODE_SIGN_STYLE = Automatic;
				INFOPLIST_FILE = UITests/Info.plist;
				LD_RUNPATH_SEARCH_PATHS = "$(inherited) @executable_path/Frameworks @loader_path/Frameworks";
				PRODUCT_BUNDLE_IDENTIFIER = GuoBin.UITests;
				PRODUCT_NAME = "$(TARGET_NAME)";
				SWIFT_VERSION = 4.0;
				TARGETED_DEVICE_FAMILY = "1,2";
				TEST_HOST = "$(BUILT_PRODUCTS_DIR)/UI.app/UI";
			};
			name = Release;
		};
		4D5918CC201F3C2900E17A3E /* Debug */ = {
			isa = XCBuildConfiguration;
			buildSettings = {
				ALWAYS_EMBED_SWIFT_STANDARD_LIBRARIES = YES;
				CODE_SIGN_STYLE = Automatic;
				INFOPLIST_FILE = UIUITests/Info.plist;
				LD_RUNPATH_SEARCH_PATHS = "$(inherited) @executable_path/Frameworks @loader_path/Frameworks";
				PRODUCT_BUNDLE_IDENTIFIER = GuoBin.UIUITests;
				PRODUCT_NAME = "$(TARGET_NAME)";
				SWIFT_VERSION = 4.0;
				TARGETED_DEVICE_FAMILY = "1,2";
				TEST_TARGET_NAME = UI;
			};
			name = Debug;
		};
		4D5918CD201F3C2900E17A3E /* Release */ = {
			isa = XCBuildConfiguration;
			buildSettings = {
				ALWAYS_EMBED_SWIFT_STANDARD_LIBRARIES = YES;
				CODE_SIGN_STYLE = Automatic;
				INFOPLIST_FILE = UIUITests/Info.plist;
				LD_RUNPATH_SEARCH_PATHS = "$(inherited) @executable_path/Frameworks @loader_path/Frameworks";
				PRODUCT_BUNDLE_IDENTIFIER = GuoBin.UIUITests;
				PRODUCT_NAME = "$(TARGET_NAME)";
				SWIFT_VERSION = 4.0;
				TARGETED_DEVICE_FAMILY = "1,2";
				TEST_TARGET_NAME = UI;
			};
			name = Release;
		};
/* End XCBuildConfiguration section */

/* Begin XCConfigurationList section */
		4D591898201F3C2800E17A3E /* Build configuration list for PBXProject "UI" */ = {
			isa = XCConfigurationList;
			buildConfigurations = (
				4D5918C3201F3C2900E17A3E /* Debug */,
				4D5918C4201F3C2900E17A3E /* Release */,
			);
			defaultConfigurationIsVisible = 0;
			defaultConfigurationName = Release;
		};
		4D5918C5201F3C2900E17A3E /* Build configuration list for PBXNativeTarget "UI" */ = {
			isa = XCConfigurationList;
			buildConfigurations = (
				4D5918C6201F3C2900E17A3E /* Debug */,
				4D5918C7201F3C2900E17A3E /* Release */,
			);
			defaultConfigurationIsVisible = 0;
			defaultConfigurationName = Release;
		};
		4D5918C8201F3C2900E17A3E /* Build configuration list for PBXNativeTarget "UITests" */ = {
			isa = XCConfigurationList;
			buildConfigurations = (
				4D5918C9201F3C2900E17A3E /* Debug */,
				4D5918CA201F3C2900E17A3E /* Release */,
			);
			defaultConfigurationIsVisible = 0;
			defaultConfigurationName = Release;
		};
		4D5918CB201F3C2900E17A3E /* Build configuration list for PBXNativeTarget "UIUITests" */ = {
			isa = XCConfigurationList;
			buildConfigurations = (
				4D5918CC201F3C2900E17A3E /* Debug */,
				4D5918CD201F3C2900E17A3E /* Release */,
			);
			defaultConfigurationIsVisible = 0;
			defaultConfigurationName = Release;
		};
/* End XCConfigurationList section */
	};
	rootObject = 4D591895201F3C2800E17A3E /* Project object */;
}
